// !$*UTF8*$!
{
	archiveVersion = 1;
	classes = {
	};
	objectVersion = 77;
	objects = {

/* Begin PBXContainerItemProxy section */
		051EB2612DBC387700CC9320 /* PBXContainerItemProxy */ = {
			isa = PBXContainerItemProxy;
			containerPortal = 051EB2462DBC387300CC9320 /* Project object */;
			proxyType = 1;
			remoteGlobalIDString = 051EB24D2DBC387300CC9320;
			remoteInfo = "EpicSystems-Task";
		};
		051EB26B2DBC387700CC9320 /* PBXContainerItemProxy */ = {
			isa = PBXContainerItemProxy;
			containerPortal = 051EB2462DBC387300CC9320 /* Project object */;
			proxyType = 1;
			remoteGlobalIDString = 051EB24D2DBC387300CC9320;
			remoteInfo = "EpicSystems-Task";
		};
/* End PBXContainerItemProxy section */

/* Begin PBXFileReference section */
		051EB24E2DBC387300CC9320 /* EpicSystems-Task.app */ = {isa = PBXFileReference; explicitFileType = wrapper.application; includeInIndex = 0; path = "EpicSystems-Task.app"; sourceTree = BUILT_PRODUCTS_DIR; };
		051EB2602DBC387700CC9320 /* EpicSystems-TaskTests.xctest */ = {isa = PBXFileReference; explicitFileType = wrapper.cfbundle; includeInIndex = 0; path = "EpicSystems-TaskTests.xctest"; sourceTree = BUILT_PRODUCTS_DIR; };
		051EB26A2DBC387700CC9320 /* EpicSystems-TaskUITests.xctest */ = {isa = PBXFileReference; explicitFileType = wrapper.cfbundle; includeInIndex = 0; path = "EpicSystems-TaskUITests.xctest"; sourceTree = BUILT_PRODUCTS_DIR; };
/* End PBXFileReference section */

/* Begin PBXFileSystemSynchronizedBuildFileExceptionSet section */
		051EB2982DBC3E6000CC9320 /* Exceptions for "EpicSystems-Task" folder in "EpicSystems-Task" target */ = {
			isa = PBXFileSystemSynchronizedBuildFileExceptionSet;
			membershipExceptions = (
				Info.plist,
			);
			target = 051EB24D2DBC387300CC9320 /* EpicSystems-Task */;
		};
/* End PBXFileSystemSynchronizedBuildFileExceptionSet section */

/* Begin PBXFileSystemSynchronizedRootGroup section */
		051EB2632DBC387700CC9320 /* EpicSystems-TaskTests */ = {
			isa = PBXFileSystemSynchronizedRootGroup;
			path = "EpicSystems-TaskTests";
			sourceTree = "<group>";
		};
		051EB26D2DBC387700CC9320 /* EpicSystems-TaskUITests */ = {
			isa = PBXFileSystemSynchronizedRootGroup;
			path = "EpicSystems-TaskUITests";
			sourceTree = "<group>";
		};
		051EB2922DBC3E6000CC9320 /* EpicSystems-Task */ = {
			isa = PBXFileSystemSynchronizedRootGroup;
			exceptions = (
				051EB2982DBC3E6000CC9320 /* Exceptions for "EpicSystems-Task" folder in "EpicSystems-Task" target */,
			);
			path = "EpicSystems-Task";
			sourceTree = "<group>";
		};
/* End PBXFileSystemSynchronizedRootGroup section */

/* Begin PBXFrameworksBuildPhase section */
		051EB24B2DBC387300CC9320 /* Frameworks */ = {
			isa = PBXFrameworksBuildPhase;
			buildActionMask = 2147483647;
			files = (
			);
			runOnlyForDeploymentPostprocessing = 0;
		};
		051EB25D2DBC387700CC9320 /* Frameworks */ = {
			isa = PBXFrameworksBuildPhase;
			buildActionMask = 2147483647;
			files = (
			);
			runOnlyForDeploymentPostprocessing = 0;
		};
		051EB2672DBC387700CC9320 /* Frameworks */ = {
			isa = PBXFrameworksBuildPhase;
			buildActionMask = 2147483647;
			files = (
			);
			runOnlyForDeploymentPostprocessing = 0;
		};
/* End PBXFrameworksBuildPhase section */

/* Begin PBXGroup section */
		051EB2452DBC387300CC9320 = {
			isa = PBXGroup;
			children = (
				051EB2922DBC3E6000CC9320 /* EpicSystems-Task */,
				051EB2632DBC387700CC9320 /* EpicSystems-TaskTests */,
				051EB26D2DBC387700CC9320 /* EpicSystems-TaskUITests */,
				051EB24F2DBC387300CC9320 /* Products */,
			);
			sourceTree = "<group>";
		};
		051EB24F2DBC387300CC9320 /* Products */ = {
			isa = PBXGroup;
			children = (
				051EB24E2DBC387300CC9320 /* EpicSystems-Task.app */,
				051EB2602DBC387700CC9320 /* EpicSystems-TaskTests.xctest */,
				051EB26A2DBC387700CC9320 /* EpicSystems-TaskUITests.xctest */,
			);
			name = Products;
			sourceTree = "<group>";
		};
/* End PBXGroup section */

/* Begin PBXNativeTarget section */
		051EB24D2DBC387300CC9320 /* EpicSystems-Task */ = {
			isa = PBXNativeTarget;
			buildConfigurationList = 051EB2742DBC387700CC9320 /* Build configuration list for PBXNativeTarget "EpicSystems-Task" */;
			buildPhases = (
				051EB24A2DBC387300CC9320 /* Sources */,
				051EB24B2DBC387300CC9320 /* Frameworks */,
				051EB24C2DBC387300CC9320 /* Resources */,
			);
			buildRules = (
			);
			dependencies = (
			);
			fileSystemSynchronizedGroups = (
				051EB2922DBC3E6000CC9320 /* EpicSystems-Task */,
			);
			name = "EpicSystems-Task";
			packageProductDependencies = (
			);
			productName = "EpicSystems-Task";
			productReference = 051EB24E2DBC387300CC9320 /* EpicSystems-Task.app */;
			productType = "com.apple.product-type.application";
		};
		051EB25F2DBC387700CC9320 /* EpicSystems-TaskTests */ = {
			isa = PBXNativeTarget;
			buildConfigurationList = 051EB2772DBC387700CC9320 /* Build configuration list for PBXNativeTarget "EpicSystems-TaskTests" */;
			buildPhases = (
				051EB25C2DBC387700CC9320 /* Sources */,
				051EB25D2DBC387700CC9320 /* Frameworks */,
				051EB25E2DBC387700CC9320 /* Resources */,
			);
			buildRules = (
			);
			dependencies = (
				051EB2622DBC387700CC9320 /* PBXTargetDependency */,
			);
			fileSystemSynchronizedGroups = (
				051EB2632DBC387700CC9320 /* EpicSystems-TaskTests */,
			);
			name = "EpicSystems-TaskTests";
			packageProductDependencies = (
			);
			productName = "EpicSystems-TaskTests";
			productReference = 051EB2602DBC387700CC9320 /* EpicSystems-TaskTests.xctest */;
			productType = "com.apple.product-type.bundle.unit-test";
		};
		051EB2692DBC387700CC9320 /* EpicSystems-TaskUITests */ = {
			isa = PBXNativeTarget;
			buildConfigurationList = 051EB27A2DBC387700CC9320 /* Build configuration list for PBXNativeTarget "EpicSystems-TaskUITests" */;
			buildPhases = (
				051EB2662DBC387700CC9320 /* Sources */,
				051EB2672DBC387700CC9320 /* Frameworks */,
				051EB2682DBC387700CC9320 /* Resources */,
			);
			buildRules = (
			);
			dependencies = (
				051EB26C2DBC387700CC9320 /* PBXTargetDependency */,
			);
			fileSystemSynchronizedGroups = (
				051EB26D2DBC387700CC9320 /* EpicSystems-TaskUITests */,
			);
			name = "EpicSystems-TaskUITests";
			packageProductDependencies = (
			);
			productName = "EpicSystems-TaskUITests";
			productReference = 051EB26A2DBC387700CC9320 /* EpicSystems-TaskUITests.xctest */;
			productType = "com.apple.product-type.bundle.ui-testing";
		};
/* End PBXNativeTarget section */

/* Begin PBXProject section */
		051EB2462DBC387300CC9320 /* Project object */ = {
			isa = PBXProject;
			attributes = {
				BuildIndependentTargetsInParallel = 1;
				LastSwiftUpdateCheck = 1630;
				LastUpgradeCheck = 1630;
				TargetAttributes = {
					051EB24D2DBC387300CC9320 = {
						CreatedOnToolsVersion = 16.3;
					};
					051EB25F2DBC387700CC9320 = {
						CreatedOnToolsVersion = 16.3;
						TestTargetID = 051EB24D2DBC387300CC9320;
					};
					051EB2692DBC387700CC9320 = {
						CreatedOnToolsVersion = 16.3;
						TestTargetID = 051EB24D2DBC387300CC9320;
					};
				};
			};
			buildConfigurationList = 051EB2492DBC387300CC9320 /* Build configuration list for PBXProject "EpicSystems-Task" */;
			developmentRegion = en;
			hasScannedForEncodings = 0;
			knownRegions = (
				en,
				Base,
			);
			mainGroup = 051EB2452DBC387300CC9320;
			minimizedProjectReferenceProxies = 1;
			preferredProjectObjectVersion = 77;
			productRefGroup = 051EB24F2DBC387300CC9320 /* Products */;
			projectDirPath = "";
			projectRoot = "";
			targets = (
				051EB24D2DBC387300CC9320 /* EpicSystems-Task */,
				051EB25F2DBC387700CC9320 /* EpicSystems-TaskTests */,
				051EB2692DBC387700CC9320 /* EpicSystems-TaskUITests */,
			);
		};
/* End PBXProject section */

/* Begin PBXResourcesBuildPhase section */
		051EB24C2DBC387300CC9320 /* Resources */ = {
			isa = PBXResourcesBuildPhase;
			buildActionMask = 2147483647;
			files = (
			);
			runOnlyForDeploymentPostprocessing = 0;
		};
		051EB25E2DBC387700CC9320 /* Resources */ = {
			isa = PBXResourcesBuildPhase;
			buildActionMask = 2147483647;
			files = (
			);
			runOnlyForDeploymentPostprocessing = 0;
		};
		051EB2682DBC387700CC9320 /* Resources */ = {
			isa = PBXResourcesBuildPhase;
			buildActionMask = 2147483647;
			files = (
			);
			runOnlyForDeploymentPostprocessing = 0;
		};
/* End PBXResourcesBuildPhase section */

/* Begin PBXSourcesBuildPhase section */
		051EB24A2DBC387300CC9320 /* Sources */ = {
			isa = PBXSourcesBuildPhase;
			buildActionMask = 2147483647;
			files = (
			);
			runOnlyForDeploymentPostprocessing = 0;
		};
		051EB25C2DBC387700CC9320 /* Sources */ = {
			isa = PBXSourcesBuildPhase;
			buildActionMask = 2147483647;
			files = (
			);
			runOnlyForDeploymentPostprocessing = 0;
		};
		051EB2662DBC387700CC9320 /* Sources */ = {
			isa = PBXSourcesBuildPhase;
			buildActionMask = 2147483647;
			files = (
			);
			runOnlyForDeploymentPostprocessing = 0;
		};
/* End PBXSourcesBuildPhase section */

/* Begin PBXTargetDependency section */
		051EB2622DBC387700CC9320 /* PBXTargetDependency */ = {
			isa = PBXTargetDependency;
			target = 051EB24D2DBC387300CC9320 /* EpicSystems-Task */;
			targetProxy = 051EB2612DBC387700CC9320 /* PBXContainerItemProxy */;
		};
		051EB26C2DBC387700CC9320 /* PBXTargetDependency */ = {
			isa = PBXTargetDependency;
			target = 051EB24D2DBC387300CC9320 /* EpicSystems-Task */;
			targetProxy = 051EB26B2DBC387700CC9320 /* PBXContainerItemProxy */;
		};
/* End PBXTargetDependency section */

/* Begin XCBuildConfiguration section */
		051EB2722DBC387700CC9320 /* Debug */ = {
			isa = XCBuildConfiguration;
			buildSettings = {
				ALWAYS_SEARCH_USER_PATHS = NO;
				ASSETCATALOG_COMPILER_GENERATE_SWIFT_ASSET_SYMBOL_EXTENSIONS = YES;
				CLANG_ANALYZER_NONNULL = YES;
				CLANG_ANALYZER_NUMBER_OBJECT_CONVERSION = YES_AGGRESSIVE;
				CLANG_CXX_LANGUAGE_STANDARD = "gnu++20";
				CLANG_ENABLE_MODULES = YES;
				CLANG_ENABLE_OBJC_ARC = YES;
				CLANG_ENABLE_OBJC_WEAK = YES;
				CLANG_WARN_BLOCK_CAPTURE_AUTORELEASING = YES;
				CLANG_WARN_BOOL_CONVERSION = YES;
				CLANG_WARN_COMMA = YES;
				CLANG_WARN_CONSTANT_CONVERSION = YES;
				CLANG_WARN_DEPRECATED_OBJC_IMPLEMENTATIONS = YES;
				CLANG_WARN_DIRECT_OBJC_ISA_USAGE = YES_ERROR;
				CLANG_WARN_DOCUMENTATION_COMMENTS = YES;
				CLANG_WARN_EMPTY_BODY = YES;
				CLANG_WARN_ENUM_CONVERSION = YES;
				CLANG_WARN_INFINITE_RECURSION = YES;
				CLANG_WARN_INT_CONVERSION = YES;
				CLANG_WARN_NON_LITERAL_NULL_CONVERSION = YES;
				CLANG_WARN_OBJC_IMPLICIT_RETAIN_SELF = YES;
				CLANG_WARN_OBJC_LITERAL_CONVERSION = YES;
				CLANG_WARN_OBJC_ROOT_CLASS = YES_ERROR;
				CLANG_WARN_QUOTED_INCLUDE_IN_FRAMEWORK_HEADER = YES;
				CLANG_WARN_RANGE_LOOP_ANALYSIS = YES;
				CLANG_WARN_STRICT_PROTOTYPES = YES;
				CLANG_WARN_SUSPICIOUS_MOVE = YES;
				CLANG_WARN_UNGUARDED_AVAILABILITY = YES_AGGRESSIVE;
				CLANG_WARN_UNREACHABLE_CODE = YES;
				CLANG_WARN__DUPLICATE_METHOD_MATCH = YES;
				COPY_PHASE_STRIP = NO;
				DEBUG_INFORMATION_FORMAT = dwarf;
				ENABLE_STRICT_OBJC_MSGSEND = YES;
				ENABLE_TESTABILITY = YES;
				ENABLE_USER_SCRIPT_SANDBOXING = YES;
				GCC_C_LANGUAGE_STANDARD = gnu17;
				GCC_DYNAMIC_NO_PIC = NO;
				GCC_NO_COMMON_BLOCKS = YES;
				GCC_OPTIMIZATION_LEVEL = 0;
				GCC_PREPROCESSOR_DEFINITIONS = (
					"DEBUG=1",
					"$(inherited)",
				);
				GCC_WARN_64_TO_32_BIT_CONVERSION = YES;
				GCC_WARN_ABOUT_RETURN_TYPE = YES_ERROR;
				GCC_WARN_UNDECLARED_SELECTOR = YES;
				GCC_WARN_UNINITIALIZED_AUTOS = YES_AGGRESSIVE;
				GCC_WARN_UNUSED_FUNCTION = YES;
				GCC_WARN_UNUSED_VARIABLE = YES;
				IPHONEOS_DEPLOYMENT_TARGET = 18.4;
				LOCALIZATION_PREFERS_STRING_CATALOGS = YES;
				MTL_ENABLE_DEBUG_INFO = INCLUDE_SOURCE;
				MTL_FAST_MATH = YES;
				ONLY_ACTIVE_ARCH = YES;
				SDKROOT = iphoneos;
				SWIFT_ACTIVE_COMPILATION_CONDITIONS = "DEBUG $(inherited)";
				SWIFT_OPTIMIZATION_LEVEL = "-Onone";
			};
			name = Debug;
		};
		051EB2732DBC387700CC9320 /* Release */ = {
			isa = XCBuildConfiguration;
			buildSettings = {
				ALWAYS_SEARCH_USER_PATHS = NO;
				ASSETCATALOG_COMPILER_GENERATE_SWIFT_ASSET_SYMBOL_EXTENSIONS = YES;
				CLANG_ANALYZER_NONNULL = YES;
				CLANG_ANALYZER_NUMBER_OBJECT_CONVERSION = YES_AGGRESSIVE;
				CLANG_CXX_LANGUAGE_STANDARD = "gnu++20";
				CLANG_ENABLE_MODULES = YES;
				CLANG_ENABLE_OBJC_ARC = YES;
				CLANG_ENABLE_OBJC_WEAK = YES;
				CLANG_WARN_BLOCK_CAPTURE_AUTORELEASING = YES;
				CLANG_WARN_BOOL_CONVERSION = YES;
				CLANG_WARN_COMMA = YES;
				CLANG_WARN_CONSTANT_CONVERSION = YES;
				CLANG_WARN_DEPRECATED_OBJC_IMPLEMENTATIONS = YES;
				CLANG_WARN_DIRECT_OBJC_ISA_USAGE = YES_ERROR;
				CLANG_WARN_DOCUMENTATION_COMMENTS = YES;
				CLANG_WARN_EMPTY_BODY = YES;
				CLANG_WARN_ENUM_CONVERSION = YES;
				CLANG_WARN_INFINITE_RECURSION = YES;
				CLANG_WARN_INT_CONVERSION = YES;
				CLANG_WARN_NON_LITERAL_NULL_CONVERSION = YES;
				CLANG_WARN_OBJC_IMPLICIT_RETAIN_SELF = YES;
				CLANG_WARN_OBJC_LITERAL_CONVERSION = YES;
				CLANG_WARN_OBJC_ROOT_CLASS = YES_ERROR;
				CLANG_WARN_QUOTED_INCLUDE_IN_FRAMEWORK_HEADER = YES;
				CLANG_WARN_RANGE_LOOP_ANALYSIS = YES;
				CLANG_WARN_STRICT_PROTOTYPES = YES;
				CLANG_WARN_SUSPICIOUS_MOVE = YES;
				CLANG_WARN_UNGUARDED_AVAILABILITY = YES_AGGRESSIVE;
				CLANG_WARN_UNREACHABLE_CODE = YES;
				CLANG_WARN__DUPLICATE_METHOD_MATCH = YES;
				COPY_PHASE_STRIP = NO;
				DEBUG_INFORMATION_FORMAT = "dwarf-with-dsym";
				ENABLE_NS_ASSERTIONS = NO;
				ENABLE_STRICT_OBJC_MSGSEND = YES;
				ENABLE_USER_SCRIPT_SANDBOXING = YES;
				GCC_C_LANGUAGE_STANDARD = gnu17;
				GCC_NO_COMMON_BLOCKS = YES;
				GCC_WARN_64_TO_32_BIT_CONVERSION = YES;
				GCC_WARN_ABOUT_RETURN_TYPE = YES_ERROR;
				GCC_WARN_UNDECLARED_SELECTOR = YES;
				GCC_WARN_UNINITIALIZED_AUTOS = YES_AGGRESSIVE;
				GCC_WARN_UNUSED_FUNCTION = YES;
				GCC_WARN_UNUSED_VARIABLE = YES;
				IPHONEOS_DEPLOYMENT_TARGET = 18.4;
				LOCALIZATION_PREFERS_STRING_CATALOGS = YES;
				MTL_ENABLE_DEBUG_INFO = NO;
				MTL_FAST_MATH = YES;
				SDKROOT = iphoneos;
				SWIFT_COMPILATION_MODE = wholemodule;
				VALIDATE_PRODUCT = YES;
			};
			name = Release;
		};
		051EB2752DBC387700CC9320 /* Debug */ = {
			isa = XCBuildConfiguration;
			buildSettings = {
				ASSETCATALOG_COMPILER_APPICON_NAME = AppIcon;
				ASSETCATALOG_COMPILER_GLOBAL_ACCENT_COLOR_NAME = AccentColor;
				CODE_SIGN_ENTITLEMENTS = "EpicSystems-Task/EpicSystems-Task.entitlements";
				CODE_SIGN_STYLE = Manual;
				CURRENT_PROJECT_VERSION = 1;
				DEVELOPMENT_TEAM = "";
				ENABLE_PREVIEWS = YES;
				ENABLE_USER_SCRIPT_SANDBOXING = NO;
				GENERATE_INFOPLIST_FILE = YES;
				INFOPLIST_FILE = "EpicSystems-Task/Info.plist";
				INFOPLIST_KEY_UIApplicationSceneManifest_Generation = YES;
				INFOPLIST_KEY_UIApplicationSupportsIndirectInputEvents = YES;
				INFOPLIST_KEY_UILaunchScreen_Generation = YES;
				INFOPLIST_KEY_UISupportedInterfaceOrientations_iPad = "UIInterfaceOrientationPortrait UIInterfaceOrientationPortraitUpsideDown UIInterfaceOrientationLandscapeLeft UIInterfaceOrientationLandscapeRight";
				INFOPLIST_KEY_UISupportedInterfaceOrientations_iPhone = "UIInterfaceOrientationPortrait UIInterfaceOrientationLandscapeLeft UIInterfaceOrientationLandscapeRight";
				IPHONEOS_DEPLOYMENT_TARGET = 16.6;
				LD_RUNPATH_SEARCH_PATHS = (
					"$(inherited)",
					"@executable_path/Frameworks",
				);
				MARKETING_VERSION = 1.0;
				PRODUCT_BUNDLE_IDENTIFIER = "epicsystem.EpicSystems-Task";
				PRODUCT_NAME = "$(TARGET_NAME)";
				PROVISIONING_PROFILE_SPECIFIER = "";
				SUPPORTED_PLATFORMS = "iphoneos iphonesimulator";
				SUPPORTS_MACCATALYST = NO;
				SUPPORTS_MAC_DESIGNED_FOR_IPHONE_IPAD = NO;
				SUPPORTS_XR_DESIGNED_FOR_IPHONE_IPAD = NO;
				SWIFT_EMIT_LOC_STRINGS = YES;
				SWIFT_VERSION = 5.0;
				TARGETED_DEVICE_FAMILY = 1;
			};
			name = Debug;
		};
		051EB2762DBC387700CC9320 /* Release */ = {
			isa = XCBuildConfiguration;
			buildSettings = {
				ASSETCATALOG_COMPILER_APPICON_NAME = AppIcon;
				ASSETCATALOG_COMPILER_GLOBAL_ACCENT_COLOR_NAME = AccentColor;
				CODE_SIGN_ENTITLEMENTS = "EpicSystems-Task/EpicSystems-Task.entitlements";
				CODE_SIGN_STYLE = Manual;
				CURRENT_PROJECT_VERSION = 1;
				DEVELOPMENT_TEAM = "";
				ENABLE_PREVIEWS = YES;
				ENABLE_USER_SCRIPT_SANDBOXING = NO;
				GENERATE_INFOPLIST_FILE = YES;
				INFOPLIST_FILE = "EpicSystems-Task/Info.plist";
				INFOPLIST_KEY_UIApplicationSceneManifest_Generation = YES;
				INFOPLIST_KEY_UIApplicationSupportsIndirectInputEvents = YES;
				INFOPLIST_KEY_UILaunchScreen_Generation = YES;
				INFOPLIST_KEY_UISupportedInterfaceOrientations_iPad = "UIInterfaceOrientationPortrait UIInterfaceOrientationPortraitUpsideDown UIInterfaceOrientationLandscapeLeft UIInterfaceOrientationLandscapeRight";
				INFOPLIST_KEY_UISupportedInterfaceOrientations_iPhone = "UIInterfaceOrientationPortrait UIInterfaceOrientationLandscapeLeft UIInterfaceOrientationLandscapeRight";
				IPHONEOS_DEPLOYMENT_TARGET = 16.6;
				LD_RUNPATH_SEARCH_PATHS = (
					"$(inherited)",
					"@executable_path/Frameworks",
				);
				MARKETING_VERSION = 1.0;
				PRODUCT_BUNDLE_IDENTIFIER = "epicsystem.EpicSystems-Task";
				PRODUCT_NAME = "$(TARGET_NAME)";
				PROVISIONING_PROFILE_SPECIFIER = "";
				SUPPORTED_PLATFORMS = "iphoneos iphonesimulator";
				SUPPORTS_MACCATALYST = NO;
				SUPPORTS_MAC_DESIGNED_FOR_IPHONE_IPAD = NO;
				SUPPORTS_XR_DESIGNED_FOR_IPHONE_IPAD = NO;
				SWIFT_EMIT_LOC_STRINGS = YES;
				SWIFT_VERSION = 5.0;
				TARGETED_DEVICE_FAMILY = 1;
			};
			name = Release;
		};
		051EB2782DBC387700CC9320 /* Debug */ = {
			isa = XCBuildConfiguration;
			buildSettings = {
				BUNDLE_LOADER = "$(TEST_HOST)";
				CODE_SIGN_STYLE = Automatic;
				CURRENT_PROJECT_VERSION = 1;
				GENERATE_INFOPLIST_FILE = YES;
				IPHONEOS_DEPLOYMENT_TARGET = 18.4;
				MARKETING_VERSION = 1.0;
				PRODUCT_BUNDLE_IDENTIFIER = "epicsystem.EpicSystems-TaskTests";
				PRODUCT_NAME = "$(TARGET_NAME)";
				SWIFT_EMIT_LOC_STRINGS = NO;
				SWIFT_VERSION = 5.0;
				TARGETED_DEVICE_FAMILY = "1,2";
				TEST_HOST = "$(BUILT_PRODUCTS_DIR)/EpicSystems-Task.app/$(BUNDLE_EXECUTABLE_FOLDER_PATH)/EpicSystems-Task";
			};
			name = Debug;
		};
		051EB2792DBC387700CC9320 /* Release */ = {
			isa = XCBuildConfiguration;
			buildSettings = {
				BUNDLE_LOADER = "$(TEST_HOST)";
				CODE_SIGN_STYLE = Automatic;
				CURRENT_PROJECT_VERSION = 1;
				GENERATE_INFOPLIST_FILE = YES;
				IPHONEOS_DEPLOYMENT_TARGET = 18.4;
				MARKETING_VERSION = 1.0;
				PRODUCT_BUNDLE_IDENTIFIER = "epicsystem.EpicSystems-TaskTests";
				PRODUCT_NAME = "$(TARGET_NAME)";
				SWIFT_EMIT_LOC_STRINGS = NO;
				SWIFT_VERSION = 5.0;
				TARGETED_DEVICE_FAMILY = "1,2";
				TEST_HOST = "$(BUILT_PRODUCTS_DIR)/EpicSystems-Task.app/$(BUNDLE_EXECUTABLE_FOLDER_PATH)/EpicSystems-Task";
			};
			name = Release;
		};
		051EB27B2DBC387700CC9320 /* Debug */ = {
			isa = XCBuildConfiguration;
			buildSettings = {
				CODE_SIGN_STYLE = Automatic;
				CURRENT_PROJECT_VERSION = 1;
				GENERATE_INFOPLIST_FILE = YES;
				MARKETING_VERSION = 1.0;
				PRODUCT_BUNDLE_IDENTIFIER = "epicsystem.EpicSystems-TaskUITests";
				PRODUCT_NAME = "$(TARGET_NAME)";
				SWIFT_EMIT_LOC_STRINGS = NO;
				SWIFT_VERSION = 5.0;
				TARGETED_DEVICE_FAMILY = "1,2";
				TEST_TARGET_NAME = "EpicSystems-Task";
			};
			name = Debug;
		};
		051EB27C2DBC387700CC9320 /* Release */ = {
			isa = XCBuildConfiguration;
			buildSettings = {
				CODE_SIGN_STYLE = Automatic;
				CURRENT_PROJECT_VERSION = 1;
				GENERATE_INFOPLIST_FILE = YES;
				MARKETING_VERSION = 1.0;
				PRODUCT_BUNDLE_IDENTIFIER = "epicsystem.EpicSystems-TaskUITests";
				PRODUCT_NAME = "$(TARGET_NAME)";
				SWIFT_EMIT_LOC_STRINGS = NO;
				SWIFT_VERSION = 5.0;
				TARGETED_DEVICE_FAMILY = "1,2";
				TEST_TARGET_NAME = "EpicSystems-Task";
			};
			name = Release;
		};
/* End XCBuildConfiguration section */

/* Begin XCConfigurationList section */
		051EB2492DBC387300CC9320 /* Build configuration list for PBXProject "EpicSystems-Task" */ = {
			isa = XCConfigurationList;
			buildConfigurations = (
				051EB2722DBC387700CC9320 /* Debug */,
				051EB2732DBC387700CC9320 /* Release */,
			);
			defaultConfigurationIsVisible = 0;
			defaultConfigurationName = Release;
		};
		051EB2742DBC387700CC9320 /* Build configuration list for PBXNativeTarget "EpicSystems-Task" */ = {
			isa = XCConfigurationList;
			buildConfigurations = (
				051EB2752DBC387700CC9320 /* Debug */,
				051EB2762DBC387700CC9320 /* Release */,
			);
			defaultConfigurationIsVisible = 0;
			defaultConfigurationName = Release;
		};
		051EB2772DBC387700CC9320 /* Build configuration list for PBXNativeTarget "EpicSystems-TaskTests" */ = {
			isa = XCConfigurationList;
			buildConfigurations = (
				051EB2782DBC387700CC9320 /* Debug */,
				051EB2792DBC387700CC9320 /* Release */,
			);
			defaultConfigurationIsVisible = 0;
			defaultConfigurationName = Release;
		};
		051EB27A2DBC387700CC9320 /* Build configuration list for PBXNativeTarget "EpicSystems-TaskUITests" */ = {
			isa = XCConfigurationList;
			buildConfigurations = (
				051EB27B2DBC387700CC9320 /* Debug */,
				051EB27C2DBC387700CC9320 /* Release */,
			);
			defaultConfigurationIsVisible = 0;
			defaultConfigurationName = Release;
		};
/* End XCConfigurationList section */
	};
	rootObject = 051EB2462DBC387300CC9320 /* Project object */;
}
